
Microsoft Visual Studio Solution File, Format Version 12.00
# Visual Studio Version 17
VisualStudioVersion = 17.0.31912.275
MinimumVisualStudioVersion = 10.0.40219.1
Project("{9A19103F-16F7-4668-BE54-9A1E7A4F7556}") = "API_Configuration", "API_Configuration.csproj", "{B628CF99-4FC6-4311-9412-931BD8549849}"
EndProject
Global
	GlobalSection(SolutionConfigurationPlatforms) = preSolution
		Debug|Any CPU = Debug|Any CPU
		Release|Any CPU = Release|Any CPU
	EndGlobalSection
	GlobalSection(ProjectConfigurationPlatforms) = postSolution
		{B628CF99-4FC6-4311-9412-931BD8549849}.Debug|Any CPU.ActiveCfg = Debug|Any CPU
		{B628CF99-4FC6-4311-9412-931BD8549849}.Debug|Any CPU.Build.0 = Debug|Any CPU
		{B628CF99-4FC6-4311-9412-931BD8549849}.Release|Any CPU.ActiveCfg = Release|Any CPU
		{B628CF99-4FC6-4311-9412-931BD8549849}.Release|Any CPU.Build.0 = Release|Any CPU
	EndGlobalSection
	GlobalSection(SolutionProperties) = preSolution
		HideSolutionNode = FALSE
	EndGlobalSection
	GlobalSection(ExtensibilityGlobals) = postSolution
		SolutionGuid = {5D88692C-83F2-4841-A5F4-E4D9B2969C58}
	EndGlobalSection
EndGlobal
